
Microsoft Visual Studio Solution File, Format Version 12.00
# Visual Studio 15
VisualStudioVersion = 15.0.27428.2015
MinimumVisualStudioVersion = 10.0.40219.1
Project("{2150E333-8FDC-42A3-9474-1A3956D46DE8}") = "01_Fetching_Resultsets_with_ADO_NET", "01_Fetching_Resultsets_with_ADO_NET", "{84660822-0FFE-41AA-8D4A-05410F9A0F1E}"
EndProject
Project("{9A19103F-16F7-4668-BE54-9A1E7A4F7556}") = "exercises_01", "exercises_01\exercises_01.csproj", "{887ED743-3E01-4CF3-8ED3-2458F9DDE4BC}"
EndProject
Project("{9A19103F-16F7-4668-BE54-9A1E7A4F7556}") = "exercises_02", "exercises_04\exercises_02.csproj", "{9C749493-04E7-455C-B1F3-003432C6B83A}"
EndProject
Project("{9A19103F-16F7-4668-BE54-9A1E7A4F7556}") = "exercises_03", "exercises_03\exercises_03.csproj", "{047EE908-8924-48EE-ACF2-D097A1C7406C}"
EndProject
Project("{2150E333-8FDC-42A3-9474-1A3956D46DE8}") = "02_ORM_Fundamentals", "02_ORM_Fundamentals", "{E31E4AA6-A497-4E66-A260-B723D347C1F7}"
EndProject
Project("{2150E333-8FDC-42A3-9474-1A3956D46DE8}") = "03_Introduction_To_Entityframework", "03_Introduction_To_Entityframework", "{5D39D474-2A22-4CBD-BEB8-BB2A4CCECA60}"
EndProject
Project("{9A19103F-16F7-4668-BE54-9A1E7A4F7556}") = "P02_DatabaseFirst", "P02_DatabaseFirst\P02_DatabaseFirst.csproj", "{F6B08F2D-659C-46C8-B608-C7C64B2BDD19}"
EndProject
Project("{2150E333-8FDC-42A3-9474-1A3956D46DE8}") = "04_Code-First", "04_Code-First", "{1B791456-17E5-459D-B923-598DC6483D7B}"
EndProject
Project("{FAE04EC0-301F-11D3-BF4B-00C04F79EFBC}") = "P01_HospitalDatabase", "P01_HospitalDatabase\P01_HospitalDatabase.csproj", "{7322EF41-2C0D-4D6C-9D2F-4D3871DB4292}"
EndProject
Project("{FAE04EC0-301F-11D3-BF4B-00C04F79EFBC}") = "P01_HospitalDatabase.Data.Models", "P01_HospitalDatabase.Data.Models\P01_HospitalDatabase.Data.Models.csproj", "{A0937831-D1BE-4EAA-A468-E0F21285B23A}"
EndProject
Project("{FAE04EC0-301F-11D3-BF4B-00C04F79EFBC}") = "P01_HospitalDatabase.Data", "P01_HospitalDatabase.Data\P01_HospitalDatabase.Data.csproj", "{E077E6D6-8614-4390-8505-AD709A5A6FBA}"
EndProject
Project("{9A19103F-16F7-4668-BE54-9A1E7A4F7556}") = "HospitalDatabaseInitializer", "G:\Education v2.1.9\SoftUni\DB\DB_Advanced\04 Code-First\HospitalDatabaseInitializer\HospitalDatabaseInitializer.csproj", "{FA959115-1222-43CF-89B5-0C6CCF58051F}"
EndProject
Project("{2150E333-8FDC-42A3-9474-1A3956D46DE8}") = "SalesDatabase", "SalesDatabase", "{95E1E8EA-A059-4CC0-81A6-17AA2B1DEC4F}"
EndProject
Project("{2150E333-8FDC-42A3-9474-1A3956D46DE8}") = "HospitalDatabase", "HospitalDatabase", "{F905790E-3AE5-4C98-AC2E-44CE6F4E44BF}"
EndProject
Project("{FAE04EC0-301F-11D3-BF4B-00C04F79EFBC}") = "P03_SalesDatabase", "P03_SalesDatabase\P03_SalesDatabase.csproj", "{8E240539-308F-4F84-BE26-13B12E50728D}"
EndProject
Project("{FAE04EC0-301F-11D3-BF4B-00C04F79EFBC}") = "P03_SalesDatabase.Data.Models", "P03_SalesDatabase.Data.Models\P03_SalesDatabase.Data.Models.csproj", "{459B4AFA-B9EE-400E-A5D9-0789894E4CF6}"
EndProject
Project("{FAE04EC0-301F-11D3-BF4B-00C04F79EFBC}") = "P03_SalesDatabase.Data", "P03_SalesDatabase.Data\P03_SalesDatabase.Data.csproj", "{7B8C4EBB-26ED-40A9-A8BA-BF8ED0B2AD00}"
EndProject
Global
	GlobalSection(SolutionConfigurationPlatforms) = preSolution
		Debug|Any CPU = Debug|Any CPU
		Release|Any CPU = Release|Any CPU
	EndGlobalSection
	GlobalSection(ProjectConfigurationPlatforms) = postSolution
		{887ED743-3E01-4CF3-8ED3-2458F9DDE4BC}.Debug|Any CPU.ActiveCfg = Debug|Any CPU
		{887ED743-3E01-4CF3-8ED3-2458F9DDE4BC}.Debug|Any CPU.Build.0 = Debug|Any CPU
		{887ED743-3E01-4CF3-8ED3-2458F9DDE4BC}.Release|Any CPU.ActiveCfg = Release|Any CPU
		{887ED743-3E01-4CF3-8ED3-2458F9DDE4BC}.Release|Any CPU.Build.0 = Release|Any CPU
		{9C749493-04E7-455C-B1F3-003432C6B83A}.Debug|Any CPU.ActiveCfg = Debug|Any CPU
		{9C749493-04E7-455C-B1F3-003432C6B83A}.Debug|Any CPU.Build.0 = Debug|Any CPU
		{9C749493-04E7-455C-B1F3-003432C6B83A}.Release|Any CPU.ActiveCfg = Release|Any CPU
		{9C749493-04E7-455C-B1F3-003432C6B83A}.Release|Any CPU.Build.0 = Release|Any CPU
		{047EE908-8924-48EE-ACF2-D097A1C7406C}.Debug|Any CPU.ActiveCfg = Debug|Any CPU
		{047EE908-8924-48EE-ACF2-D097A1C7406C}.Debug|Any CPU.Build.0 = Debug|Any CPU
		{047EE908-8924-48EE-ACF2-D097A1C7406C}.Release|Any CPU.ActiveCfg = Release|Any CPU
		{047EE908-8924-48EE-ACF2-D097A1C7406C}.Release|Any CPU.Build.0 = Release|Any CPU
		{F6B08F2D-659C-46C8-B608-C7C64B2BDD19}.Debug|Any CPU.ActiveCfg = Debug|Any CPU
		{F6B08F2D-659C-46C8-B608-C7C64B2BDD19}.Debug|Any CPU.Build.0 = Debug|Any CPU
		{F6B08F2D-659C-46C8-B608-C7C64B2BDD19}.Release|Any CPU.ActiveCfg = Release|Any CPU
		{F6B08F2D-659C-46C8-B608-C7C64B2BDD19}.Release|Any CPU.Build.0 = Release|Any CPU
		{7322EF41-2C0D-4D6C-9D2F-4D3871DB4292}.Debug|Any CPU.ActiveCfg = Debug|Any CPU
		{7322EF41-2C0D-4D6C-9D2F-4D3871DB4292}.Debug|Any CPU.Build.0 = Debug|Any CPU
		{7322EF41-2C0D-4D6C-9D2F-4D3871DB4292}.Release|Any CPU.ActiveCfg = Release|Any CPU
		{7322EF41-2C0D-4D6C-9D2F-4D3871DB4292}.Release|Any CPU.Build.0 = Release|Any CPU
		{A0937831-D1BE-4EAA-A468-E0F21285B23A}.Debug|Any CPU.ActiveCfg = Debug|Any CPU
		{A0937831-D1BE-4EAA-A468-E0F21285B23A}.Debug|Any CPU.Build.0 = Debug|Any CPU
		{A0937831-D1BE-4EAA-A468-E0F21285B23A}.Release|Any CPU.ActiveCfg = Release|Any CPU
		{A0937831-D1BE-4EAA-A468-E0F21285B23A}.Release|Any CPU.Build.0 = Release|Any CPU
		{E077E6D6-8614-4390-8505-AD709A5A6FBA}.Debug|Any CPU.ActiveCfg = Debug|Any CPU
		{E077E6D6-8614-4390-8505-AD709A5A6FBA}.Debug|Any CPU.Build.0 = Debug|Any CPU
		{E077E6D6-8614-4390-8505-AD709A5A6FBA}.Release|Any CPU.ActiveCfg = Release|Any CPU
		{E077E6D6-8614-4390-8505-AD709A5A6FBA}.Release|Any CPU.Build.0 = Release|Any CPU
		{FA959115-1222-43CF-89B5-0C6CCF58051F}.Debug|Any CPU.ActiveCfg = Debug|Any CPU
		{FA959115-1222-43CF-89B5-0C6CCF58051F}.Debug|Any CPU.Build.0 = Debug|Any CPU
		{FA959115-1222-43CF-89B5-0C6CCF58051F}.Release|Any CPU.ActiveCfg = Release|Any CPU
		{FA959115-1222-43CF-89B5-0C6CCF58051F}.Release|Any CPU.Build.0 = Release|Any CPU
		{8E240539-308F-4F84-BE26-13B12E50728D}.Debug|Any CPU.ActiveCfg = Debug|Any CPU
		{8E240539-308F-4F84-BE26-13B12E50728D}.Debug|Any CPU.Build.0 = Debug|Any CPU
		{8E240539-308F-4F84-BE26-13B12E50728D}.Release|Any CPU.ActiveCfg = Release|Any CPU
		{8E240539-308F-4F84-BE26-13B12E50728D}.Release|Any CPU.Build.0 = Release|Any CPU
		{459B4AFA-B9EE-400E-A5D9-0789894E4CF6}.Debug|Any CPU.ActiveCfg = Debug|Any CPU
		{459B4AFA-B9EE-400E-A5D9-0789894E4CF6}.Debug|Any CPU.Build.0 = Debug|Any CPU
		{459B4AFA-B9EE-400E-A5D9-0789894E4CF6}.Release|Any CPU.ActiveCfg = Release|Any CPU
		{459B4AFA-B9EE-400E-A5D9-0789894E4CF6}.Release|Any CPU.Build.0 = Release|Any CPU
		{7B8C4EBB-26ED-40A9-A8BA-BF8ED0B2AD00}.Debug|Any CPU.ActiveCfg = Debug|Any CPU
		{7B8C4EBB-26ED-40A9-A8BA-BF8ED0B2AD00}.Debug|Any CPU.Build.0 = Debug|Any CPU
		{7B8C4EBB-26ED-40A9-A8BA-BF8ED0B2AD00}.Release|Any CPU.ActiveCfg = Release|Any CPU
		{7B8C4EBB-26ED-40A9-A8BA-BF8ED0B2AD00}.Release|Any CPU.Build.0 = Release|Any CPU
	EndGlobalSection
	GlobalSection(SolutionProperties) = preSolution
		HideSolutionNode = FALSE
	EndGlobalSection
	GlobalSection(NestedProjects) = preSolution
		{887ED743-3E01-4CF3-8ED3-2458F9DDE4BC} = {84660822-0FFE-41AA-8D4A-05410F9A0F1E}
		{9C749493-04E7-455C-B1F3-003432C6B83A} = {84660822-0FFE-41AA-8D4A-05410F9A0F1E}
		{047EE908-8924-48EE-ACF2-D097A1C7406C} = {84660822-0FFE-41AA-8D4A-05410F9A0F1E}
		{F6B08F2D-659C-46C8-B608-C7C64B2BDD19} = {5D39D474-2A22-4CBD-BEB8-BB2A4CCECA60}
		{7322EF41-2C0D-4D6C-9D2F-4D3871DB4292} = {F905790E-3AE5-4C98-AC2E-44CE6F4E44BF}
		{A0937831-D1BE-4EAA-A468-E0F21285B23A} = {F905790E-3AE5-4C98-AC2E-44CE6F4E44BF}
		{E077E6D6-8614-4390-8505-AD709A5A6FBA} = {F905790E-3AE5-4C98-AC2E-44CE6F4E44BF}
		{FA959115-1222-43CF-89B5-0C6CCF58051F} = {F905790E-3AE5-4C98-AC2E-44CE6F4E44BF}
		{95E1E8EA-A059-4CC0-81A6-17AA2B1DEC4F} = {1B791456-17E5-459D-B923-598DC6483D7B}
		{F905790E-3AE5-4C98-AC2E-44CE6F4E44BF} = {1B791456-17E5-459D-B923-598DC6483D7B}
		{8E240539-308F-4F84-BE26-13B12E50728D} = {95E1E8EA-A059-4CC0-81A6-17AA2B1DEC4F}
		{459B4AFA-B9EE-400E-A5D9-0789894E4CF6} = {95E1E8EA-A059-4CC0-81A6-17AA2B1DEC4F}
		{7B8C4EBB-26ED-40A9-A8BA-BF8ED0B2AD00} = {95E1E8EA-A059-4CC0-81A6-17AA2B1DEC4F}
	EndGlobalSection
	GlobalSection(ExtensibilityGlobals) = postSolution
		SolutionGuid = {285F5B34-0B0A-4179-A0C4-56DD8B10645B}
	EndGlobalSection
EndGlobal
